hash: ab81ca4ee0c0177fc790e94f6bfa60a857c762eeec7ef019454f3a616167ac0e
updated: 2016-12-01T00:37:35.415476077-06:00
imports:
- name: github.com/google/gopacket
  version: c4d647984d4671d9dd91770dae77923a0b48b389
  subpackages:
  - layers
  - pcapgo
- name: github.com/gorilla/context
  version: 1ea25387ff6f684839d82767c1733ff4d4d15d0a
- name: github.com/gorilla/mux
  version: 0eeaf8392f5b04950925b8a69fe70f110fa7cbfc
- name: github.com/kardianos/osext
  version: c2c54e542fb797ad986b31721e1baedf214ca413
- name: github.com/lib/pq
  version: d8eeeb8bae8896dd8e1b7e514ab0d396c4f12a1b
  subpackages:
  - oid
- name: github.com/mattn/go-shellwords
  version: 525bedee691b5a8df547cb5cf9f86b7fb1883e24
- name: github.com/mattn/go-sqlite3
  version: 3fb7a0e792edd47bf0cf1e919dfc14e2be412e15
- name: github.com/oschwald/geoip2-golang
  version: ccee6e9d9b1ee5cee16ac664bc1982952edfb13d
- name: github.com/oschwald/maxminddb-golang
  version: f4aa55714a3f843869ca9a38625e177a627c1ce6
- name: github.com/satori/go.uuid
  version: 0aa62d5ddceb50dbcb909d790b5345affd3669b6
- name: github.com/spf13/pflag
  version: c7e63cf4530bcd3ba943729cee0efeff2ebea63f
- name: golang.org/x/net
  version: f841c39de738b1d0df95b5a7187744f0e03d8112
  subpackages:
  - context
- name: golang.org/x/sys
  version: a646d33e2ee3172a661fc09bca23bb4889a41bc8
  subpackages:
  - unix
  - windows
- name: gopkg.in/yaml.v2
  version: a83829b6f1293c91addabc89d0571c246397bbf4
testImports:
- name: github.com/davecgh/go-spew
  version: 6d212800a42e8ab5c146b8ace3490ee17e5225f9
  subpackages:
  - spew
- name: github.com/pmezard/go-difflib
  version: d8ed2627bdf02c080bf22230dbb337003b7aba2d
  subpackages:
  - difflib
- name: github.com/stretchr/testify
  version: 976c720a22c8eb4eb6a0b4348ad85ad12491a506
  subpackages:
  - assert
