hash: f3ced5c26842292dd2a561dde3ac0dc9192f57b90c9f954dcb1d6912d715c887
updated: 2016-08-18T17:07:53.875815252-06:00
imports:
- name: github.com/daaku/go.zipexe
  version: a5fe2436ffcb3236e175e5149162b41cd28bd27d
- name: github.com/GeertJohan/go.rice
  version: 0f3f5fde32fd1f755632a3d31ba2ec6d449e387b
  subpackages:
  - embedded
  - rice
- name: github.com/google/gopacket
  version: c4d647984d4671d9dd91770dae77923a0b48b389
  subpackages:
  - layers
  - pcapgo
- name: github.com/jessevdk/go-flags
  version: 97448c91aac742cbca3d020b3e769013a420a06f
- name: github.com/kardianos/osext
  version: 29ae4ffbc9a6fe9fb2bc5029050ce6996ea1d3bc
- name: goji.io
  version: e355964ac565b94cf0fc7f218346626529125086
  subpackages:
  - internal
  - pat
  - pattern
- name: golang.org/x/net
  version: f841c39de738b1d0df95b5a7187744f0e03d8112
  subpackages:
  - context
- name: gopkg.in/yaml.v2
  version: a83829b6f1293c91addabc89d0571c246397bbf4
testImports: []
