{
  "name": "evebox-frontend",
  "version": "0.0.1",
  "dependencies": {
    "@angular/animations": {
      "version": "4.2.4",
      "from": "@angular/animations@>=4.2.0 <4.3.0",
      "resolved": "https://registry.npmjs.org/@angular/animations/-/animations-4.2.4.tgz"
    },
    "@angular/common": {
      "version": "4.2.4",
      "from": "@angular/common@>=4.2.0 <4.3.0",
      "resolved": "https://registry.npmjs.org/@angular/common/-/common-4.2.4.tgz"
    },
    "@angular/compiler": {
      "version": "4.2.4",
      "from": "@angular/compiler@>=4.2.0 <4.3.0",
      "resolved": "https://registry.npmjs.org/@angular/compiler/-/compiler-4.2.4.tgz"
    },
    "@angular/compiler-cli": {
      "version": "4.2.4",
      "from": "@angular/compiler-cli@>=4.2.0 <4.3.0",
      "resolved": "https://registry.npmjs.org/@angular/compiler-cli/-/compiler-cli-4.2.4.tgz"
    },
    "@angular/core": {
      "version": "4.2.4",
      "from": "@angular/core@>=4.2.0 <4.3.0",
      "resolved": "https://registry.npmjs.org/@angular/core/-/core-4.2.4.tgz"
    },
    "@angular/forms": {
      "version": "4.2.4",
      "from": "@angular/forms@>=4.2.0 <4.3.0",
      "resolved": "https://registry.npmjs.org/@angular/forms/-/forms-4.2.4.tgz"
    },
    "@angular/http": {
      "version": "4.2.4",
      "from": "@angular/http@>=4.2.0 <4.3.0",
      "resolved": "https://registry.npmjs.org/@angular/http/-/http-4.2.4.tgz"
    },
    "@angular/platform-browser": {
      "version": "4.2.4",
      "from": "@angular/platform-browser@>=4.2.0 <4.3.0",
      "resolved": "https://registry.npmjs.org/@angular/platform-browser/-/platform-browser-4.2.4.tgz"
    },
    "@angular/platform-browser-dynamic": {
      "version": "4.2.4",
      "from": "@angular/platform-browser-dynamic@>=4.2.0 <4.3.0",
      "resolved": "https://registry.npmjs.org/@angular/platform-browser-dynamic/-/platform-browser-dynamic-4.2.4.tgz"
    },
    "@angular/platform-server": {
      "version": "4.2.4",
      "from": "@angular/platform-server@>=4.2.0 <4.3.0",
      "resolved": "https://registry.npmjs.org/@angular/platform-server/-/platform-server-4.2.4.tgz"
    },
    "@angular/router": {
      "version": "4.2.4",
      "from": "@angular/router@>=4.2.0 <4.3.0",
      "resolved": "https://registry.npmjs.org/@angular/router/-/router-4.2.4.tgz"
    },
    "@angular/tsc-wrapped": {
      "version": "4.2.4",
      "from": "@angular/tsc-wrapped@4.2.4",
      "resolved": "https://registry.npmjs.org/@angular/tsc-wrapped/-/tsc-wrapped-4.2.4.tgz"
    },
    "@types/node": {
      "version": "6.0.78",
      "from": "@types/node@>=6.0.46 <7.0.0",
      "resolved": "https://registry.npmjs.org/@types/node/-/node-6.0.78.tgz"
    },
    "bootstrap": {
      "version": "3.3.7",
      "from": "bootstrap@>=3.3.7 <4.0.0",
      "resolved": "https://registry.npmjs.org/bootstrap/-/bootstrap-3.3.7.tgz"
    },
    "bootstrap-sass": {
      "version": "3.3.7",
      "from": "bootstrap-sass@>=3.3.7 <4.0.0",
      "resolved": "https://registry.npmjs.org/bootstrap-sass/-/bootstrap-sass-3.3.7.tgz"
    },
    "bootswatch": {
      "version": "3.3.7",
      "from": "bootswatch@>=3.3.7 <4.0.0",
      "resolved": "https://registry.npmjs.org/bootswatch/-/bootswatch-3.3.7.tgz"
    },
    "brace": {
      "version": "0.10.0",
      "from": "brace@>=0.10.0 <0.11.0",
      "resolved": "https://registry.npmjs.org/brace/-/brace-0.10.0.tgz"
    },
    "chart.js": {
      "version": "2.6.0",
      "from": "chart.js@>=2.4.0 <3.0.0",
      "resolved": "https://registry.npmjs.org/chart.js/-/chart.js-2.6.0.tgz"
    },
    "chartjs-color": {
      "version": "2.1.0",
      "from": "chartjs-color@>=2.1.0 <3.0.0",
      "resolved": "https://registry.npmjs.org/chartjs-color/-/chartjs-color-2.1.0.tgz"
    },
    "chartjs-color-string": {
      "version": "0.4.0",
      "from": "chartjs-color-string@>=0.4.0 <0.5.0",
      "resolved": "https://registry.npmjs.org/chartjs-color-string/-/chartjs-color-string-0.4.0.tgz"
    },
    "color-convert": {
      "version": "0.5.3",
      "from": "color-convert@>=0.5.3 <0.6.0",
      "resolved": "https://registry.npmjs.org/color-convert/-/color-convert-0.5.3.tgz"
    },
    "color-name": {
      "version": "1.1.2",
      "from": "color-name@>=1.0.0 <2.0.0",
      "resolved": "https://registry.npmjs.org/color-name/-/color-name-1.1.2.tgz"
    },
    "commander": {
      "version": "2.10.0",
      "from": "commander@>=2.0.0 <3.0.0",
      "resolved": "https://registry.npmjs.org/commander/-/commander-2.10.0.tgz"
    },
    "core-js": {
      "version": "2.4.1",
      "from": "core-js@>=2.4.1 <3.0.0",
      "resolved": "https://registry.npmjs.org/core-js/-/core-js-2.4.1.tgz"
    },
    "d3": {
      "version": "4.9.1",
      "from": "d3@>=4.0.0 <5.0.0",
      "resolved": "https://registry.npmjs.org/d3/-/d3-4.9.1.tgz"
    },
    "d3-array": {
      "version": "1.2.0",
      "from": "d3-array@1.2.0",
      "resolved": "https://registry.npmjs.org/d3-array/-/d3-array-1.2.0.tgz"
    },
    "d3-axis": {
      "version": "1.0.7",
      "from": "d3-axis@1.0.7",
      "resolved": "https://registry.npmjs.org/d3-axis/-/d3-axis-1.0.7.tgz"
    },
    "d3-brush": {
      "version": "1.0.4",
      "from": "d3-brush@1.0.4",
      "resolved": "https://registry.npmjs.org/d3-brush/-/d3-brush-1.0.4.tgz"
    },
    "d3-chord": {
      "version": "1.0.4",
      "from": "d3-chord@1.0.4",
      "resolved": "https://registry.npmjs.org/d3-chord/-/d3-chord-1.0.4.tgz"
    },
    "d3-collection": {
      "version": "1.0.3",
      "from": "d3-collection@1.0.3",
      "resolved": "https://registry.npmjs.org/d3-collection/-/d3-collection-1.0.3.tgz"
    },
    "d3-color": {
      "version": "1.0.3",
      "from": "d3-color@1.0.3",
      "resolved": "https://registry.npmjs.org/d3-color/-/d3-color-1.0.3.tgz"
    },
    "d3-dispatch": {
      "version": "1.0.3",
      "from": "d3-dispatch@1.0.3",
      "resolved": "https://registry.npmjs.org/d3-dispatch/-/d3-dispatch-1.0.3.tgz"
    },
    "d3-drag": {
      "version": "1.1.0",
      "from": "d3-drag@1.1.0",
      "resolved": "https://registry.npmjs.org/d3-drag/-/d3-drag-1.1.0.tgz"
    },
    "d3-dsv": {
      "version": "1.0.5",
      "from": "d3-dsv@1.0.5",
      "resolved": "https://registry.npmjs.org/d3-dsv/-/d3-dsv-1.0.5.tgz"
    },
    "d3-ease": {
      "version": "1.0.3",
      "from": "d3-ease@1.0.3",
      "resolved": "https://registry.npmjs.org/d3-ease/-/d3-ease-1.0.3.tgz"
    },
    "d3-force": {
      "version": "1.0.6",
      "from": "d3-force@1.0.6",
      "resolved": "https://registry.npmjs.org/d3-force/-/d3-force-1.0.6.tgz"
    },
    "d3-format": {
      "version": "1.2.0",
      "from": "d3-format@1.2.0",
      "resolved": "https://registry.npmjs.org/d3-format/-/d3-format-1.2.0.tgz"
    },
    "d3-geo": {
      "version": "1.6.4",
      "from": "d3-geo@1.6.4",
      "resolved": "https://registry.npmjs.org/d3-geo/-/d3-geo-1.6.4.tgz"
    },
    "d3-hierarchy": {
      "version": "1.1.4",
      "from": "d3-hierarchy@1.1.4",
      "resolved": "https://registry.npmjs.org/d3-hierarchy/-/d3-hierarchy-1.1.4.tgz"
    },
    "d3-interpolate": {
      "version": "1.1.5",
      "from": "d3-interpolate@1.1.5",
      "resolved": "https://registry.npmjs.org/d3-interpolate/-/d3-interpolate-1.1.5.tgz"
    },
    "d3-path": {
      "version": "1.0.5",
      "from": "d3-path@1.0.5",
      "resolved": "https://registry.npmjs.org/d3-path/-/d3-path-1.0.5.tgz"
    },
    "d3-polygon": {
      "version": "1.0.3",
      "from": "d3-polygon@1.0.3",
      "resolved": "https://registry.npmjs.org/d3-polygon/-/d3-polygon-1.0.3.tgz"
    },
    "d3-quadtree": {
      "version": "1.0.3",
      "from": "d3-quadtree@1.0.3",
      "resolved": "https://registry.npmjs.org/d3-quadtree/-/d3-quadtree-1.0.3.tgz"
    },
    "d3-queue": {
      "version": "3.0.7",
      "from": "d3-queue@3.0.7",
      "resolved": "https://registry.npmjs.org/d3-queue/-/d3-queue-3.0.7.tgz"
    },
    "d3-random": {
      "version": "1.1.0",
      "from": "d3-random@1.1.0",
      "resolved": "https://registry.npmjs.org/d3-random/-/d3-random-1.1.0.tgz"
    },
    "d3-request": {
      "version": "1.0.5",
      "from": "d3-request@1.0.5",
      "resolved": "https://registry.npmjs.org/d3-request/-/d3-request-1.0.5.tgz"
    },
    "d3-scale": {
      "version": "1.0.6",
      "from": "d3-scale@1.0.6",
      "resolved": "https://registry.npmjs.org/d3-scale/-/d3-scale-1.0.6.tgz"
    },
    "d3-selection": {
      "version": "1.1.0",
      "from": "d3-selection@1.1.0",
      "resolved": "https://registry.npmjs.org/d3-selection/-/d3-selection-1.1.0.tgz"
    },
    "d3-shape": {
      "version": "1.1.1",
      "from": "d3-shape@1.1.1",
      "resolved": "https://registry.npmjs.org/d3-shape/-/d3-shape-1.1.1.tgz"
    },
    "d3-time": {
      "version": "1.0.6",
      "from": "d3-time@1.0.6",
      "resolved": "https://registry.npmjs.org/d3-time/-/d3-time-1.0.6.tgz"
    },
    "d3-time-format": {
      "version": "2.0.5",
      "from": "d3-time-format@2.0.5",
      "resolved": "https://registry.npmjs.org/d3-time-format/-/d3-time-format-2.0.5.tgz"
    },
    "d3-timer": {
      "version": "1.0.5",
      "from": "d3-timer@1.0.5",
      "resolved": "https://registry.npmjs.org/d3-timer/-/d3-timer-1.0.5.tgz"
    },
    "d3-transition": {
      "version": "1.1.0",
      "from": "d3-transition@1.1.0",
      "resolved": "https://registry.npmjs.org/d3-transition/-/d3-transition-1.1.0.tgz"
    },
    "d3-voronoi": {
      "version": "1.1.2",
      "from": "d3-voronoi@1.1.2",
      "resolved": "https://registry.npmjs.org/d3-voronoi/-/d3-voronoi-1.1.2.tgz"
    },
    "d3-zoom": {
      "version": "1.2.0",
      "from": "d3-zoom@1.2.0",
      "resolved": "https://registry.npmjs.org/d3-zoom/-/d3-zoom-1.2.0.tgz"
    },
    "font-awesome": {
      "version": "4.7.0",
      "from": "font-awesome@>=4.6.3 <5.0.0",
      "resolved": "https://registry.npmjs.org/font-awesome/-/font-awesome-4.7.0.tgz"
    },
    "graceful-readlink": {
      "version": "1.0.1",
      "from": "graceful-readlink@>=1.0.0",
      "resolved": "https://registry.npmjs.org/graceful-readlink/-/graceful-readlink-1.0.1.tgz"
    },
    "humanize-plus": {
      "version": "1.8.2",
      "from": "humanize-plus@>=1.8.2 <2.0.0",
      "resolved": "https://registry.npmjs.org/humanize-plus/-/humanize-plus-1.8.2.tgz"
    },
    "iconv-lite": {
      "version": "0.4.18",
      "from": "iconv-lite@>=0.4.0 <0.5.0",
      "resolved": "https://registry.npmjs.org/iconv-lite/-/iconv-lite-0.4.18.tgz"
    },
    "inherits": {
      "version": "2.0.3",
      "from": "inherits@>=2.0.0 <2.1.0",
      "resolved": "https://registry.npmjs.org/inherits/-/inherits-2.0.3.tgz"
    },
    "jquery": {
      "version": "3.2.1",
      "from": "jquery@>=3.2.1 <4.0.0",
      "resolved": "https://registry.npmjs.org/jquery/-/jquery-3.2.1.tgz"
    },
    "metrics-graphics": {
      "version": "2.10.1",
      "from": "metrics-graphics@2.10.1",
      "resolved": "https://registry.npmjs.org/metrics-graphics/-/metrics-graphics-2.10.1.tgz"
    },
    "minimist": {
      "version": "1.2.0",
      "from": "minimist@>=1.2.0 <2.0.0",
      "resolved": "https://registry.npmjs.org/minimist/-/minimist-1.2.0.tgz"
    },
    "mkdirp": {
      "version": "0.5.1",
      "from": "mkdirp@>=0.5.1 <0.6.0",
      "resolved": "https://registry.npmjs.org/mkdirp/-/mkdirp-0.5.1.tgz",
      "dependencies": {
        "minimist": {
          "version": "0.0.8",
          "from": "minimist@0.0.8",
          "resolved": "https://registry.npmjs.org/minimist/-/minimist-0.0.8.tgz"
        }
      }
    },
    "moment": {
      "version": "2.18.1",
      "from": "moment@>=2.18.1 <3.0.0",
      "resolved": "https://registry.npmjs.org/moment/-/moment-2.18.1.tgz"
    },
    "mousetrap": {
      "version": "1.6.1",
      "from": "mousetrap@>=1.6.0 <2.0.0",
      "resolved": "https://registry.npmjs.org/mousetrap/-/mousetrap-1.6.1.tgz"
    },
    "parse5": {
      "version": "3.0.2",
      "from": "parse5@>=3.0.1 <4.0.0",
      "resolved": "https://registry.npmjs.org/parse5/-/parse5-3.0.2.tgz"
    },
    "queue": {
      "version": "4.2.1",
      "from": "queue@>=4.2.1 <5.0.0",
      "resolved": "https://registry.npmjs.org/queue/-/queue-4.2.1.tgz"
    },
    "raw-loader": {
      "version": "0.5.1",
      "from": "raw-loader@>=0.5.1 <0.6.0",
      "resolved": "https://registry.npmjs.org/raw-loader/-/raw-loader-0.5.1.tgz"
    },
    "reflect-metadata": {
      "version": "0.1.10",
      "from": "reflect-metadata@>=0.1.2 <0.2.0",
      "resolved": "https://registry.npmjs.org/reflect-metadata/-/reflect-metadata-0.1.10.tgz"
    },
    "rw": {
      "version": "1.3.3",
      "from": "rw@>=1.0.0 <2.0.0",
      "resolved": "https://registry.npmjs.org/rw/-/rw-1.3.3.tgz"
    },
    "rxjs": {
      "version": "5.4.1",
      "from": "rxjs@>=5.1.0 <6.0.0",
      "resolved": "https://registry.npmjs.org/rxjs/-/rxjs-5.4.1.tgz"
    },
    "script-loader": {
      "version": "0.7.1",
      "from": "script-loader@>=0.7.1 <0.8.0",
      "resolved": "https://registry.npmjs.org/script-loader/-/script-loader-0.7.1.tgz"
    },
    "source-map": {
      "version": "0.5.6",
      "from": "source-map@>=0.5.6 <0.6.0",
      "resolved": "https://registry.npmjs.org/source-map/-/source-map-0.5.6.tgz"
    },
    "source-map-support": {
      "version": "0.4.15",
      "from": "source-map-support@>=0.4.2 <0.5.0",
      "resolved": "https://registry.npmjs.org/source-map-support/-/source-map-support-0.4.15.tgz"
    },
    "symbol-observable": {
      "version": "1.0.4",
      "from": "symbol-observable@>=1.0.1 <2.0.0",
      "resolved": "https://registry.npmjs.org/symbol-observable/-/symbol-observable-1.0.4.tgz"
    },
    "toastr": {
      "version": "2.1.2",
      "from": "toastr@>=2.1.2 <3.0.0",
      "resolved": "https://registry.npmjs.org/toastr/-/toastr-2.1.2.tgz"
    },
    "ts-helpers": {
      "version": "1.1.2",
      "from": "ts-helpers@>=1.1.1 <2.0.0",
      "resolved": "https://registry.npmjs.org/ts-helpers/-/ts-helpers-1.1.2.tgz"
    },
    "tsickle": {
      "version": "0.21.6",
      "from": "tsickle@>=0.21.0 <0.22.0",
      "resolved": "https://registry.npmjs.org/tsickle/-/tsickle-0.21.6.tgz"
    },
    "tslib": {
      "version": "1.7.1",
      "from": "tslib@>=1.7.1 <2.0.0",
      "resolved": "https://registry.npmjs.org/tslib/-/tslib-1.7.1.tgz"
    },
    "w3c-blob": {
      "version": "0.0.1",
      "from": "w3c-blob@0.0.1",
      "resolved": "https://registry.npmjs.org/w3c-blob/-/w3c-blob-0.0.1.tgz"
    },
    "xhr2": {
      "version": "0.1.4",
      "from": "xhr2@>=0.1.4 <0.2.0",
      "resolved": "https://registry.npmjs.org/xhr2/-/xhr2-0.1.4.tgz"
    },
    "xmlhttprequest": {
      "version": "1.8.0",
      "from": "xmlhttprequest@>=1.0.0 <2.0.0",
      "resolved": "https://registry.npmjs.org/xmlhttprequest/-/xmlhttprequest-1.8.0.tgz"
    },
    "zone.js": {
      "version": "0.8.12",
      "from": "zone.js@>=0.8.4 <0.9.0",
      "resolved": "https://registry.npmjs.org/zone.js/-/zone.js-0.8.12.tgz"
    }
  }
}
